
Microsoft Visual Studio Solution File, Format Version 12.00
# Visual Studio Version 16
VisualStudioVersion = 16.0.30517.126
MinimumVisualStudioVersion = 10.0.40219.1
Project("{FAE04EC0-301F-11D3-BF4B-00C04F79EFBC}") = "04_11Interface", "04_11Interface\04_11Interface.csproj", "{562A050D-687B-4F8F-BB43-DB70311B8EE2}"
EndProject
Global
	GlobalSection(SolutionConfigurationPlatforms) = preSolution
		Debug|Any CPU = Debug|Any CPU
		Release|Any CPU = Release|Any CPU
	EndGlobalSection
	GlobalSection(ProjectConfigurationPlatforms) = postSolution
		{562A050D-687B-4F8F-BB43-DB70311B8EE2}.Debug|Any CPU.ActiveCfg = Debug|Any CPU
		{562A050D-687B-4F8F-BB43-DB70311B8EE2}.Debug|Any CPU.Build.0 = Debug|Any CPU
		{562A050D-687B-4F8F-BB43-DB70311B8EE2}.Release|Any CPU.ActiveCfg = Release|Any CPU
		{562A050D-687B-4F8F-BB43-DB70311B8EE2}.Release|Any CPU.Build.0 = Release|Any CPU
	EndGlobalSection
	GlobalSection(SolutionProperties) = preSolution
		HideSolutionNode = FALSE
	EndGlobalSection
	GlobalSection(ExtensibilityGlobals) = postSolution
		SolutionGuid = {0B62131B-43B0-4CD7-982A-932013BEE8E9}
	EndGlobalSection
EndGlobal
